{
  "name": "ebay-integration",
  "version": "1.0.0",
  "lockfileVersion": 1,
  "requires": true,
  "dependencies": {
    "@sindresorhus/is": {
      "version": "4.0.0",
      "resolved": "https://artifactory.prdstubsys.cloud/artifactory/api/npm/npm-dev/@sindresorhus/is/-/is-4.0.0.tgz",
      "integrity": "sha1-L/Z06WEbRbUoiW2CDT16gS3i8OQ=",
      "dev": true
    },
    "@szmarczak/http-timer": {
      "version": "4.0.5",
      "resolved": "https://artifactory.prdstubsys.cloud/artifactory/api/npm/npm-dev/@szmarczak/http-timer/-/http-timer-4.0.5.tgz",
      "integrity": "sha1-v71QIR6d+lG6B9pYoUzf0zMgUVI=",
      "dev": true,
      "requires": {
        "defer-to-connect": "^2.0.0"
      }
    },
    "@types/cacheable-request": {
      "version": "6.0.1",
      "resolved": "https://artifactory.prdstubsys.cloud/artifactory/api/npm/npm-dev/@types/cacheable-request/-/cacheable-request-6.0.1.tgz",
      "integrity": "sha1-XSLz3e0f06hMC761A5p0GcLJGXY=",
      "dev": true,
      "requires": {
        "@types/http-cache-semantics": "*",
        "@types/keyv": "*",
        "@types/node": "*",
        "@types/responselike": "*"
      }
    },
    "@types/http-cache-semantics": {
      "version": "4.0.0",
      "resolved": "https://artifactory.prdstubsys.cloud/artifactory/api/npm/npm-dev/@types/http-cache-semantics/-/http-cache-semantics-4.0.0.tgz",
      "integrity": "sha1-kUB3lzaqJlVjXudW4kZ9eHz+iio=",
      "dev": true
    },
    "@types/keyv": {
      "version": "3.1.1",
      "resolved": "https://artifactory.prdstubsys.cloud/artifactory/api/npm/npm-dev/@types/keyv/-/keyv-3.1.1.tgz",
      "integrity": "sha1-5FpFMk/KnatxarEjDuJJyftSz6c=",
      "dev": true,
      "requires": {
        "@types/node": "*"
      }
    },
    "@types/node": {
      "version": "14.14.20",
      "resolved": "https://artifactory.prdstubsys.cloud/artifactory/api/npm/npm-dev/@types/node/-/node-14.14.20.tgz",
      "integrity": "sha1-95dIY+3SHR+KSUpz6OKzZYYVw0A=",
      "dev": true
    },
    "@types/responselike": {
      "version": "1.0.0",
      "resolved": "https://artifactory.prdstubsys.cloud/artifactory/api/npm/npm-dev/@types/responselike/-/responselike-1.0.0.tgz",
      "integrity": "sha1-JR9P59FU0rrRJavhtCmyOv0mLik=",
      "dev": true,
      "requires": {
        "@types/node": "*"
      }
    },
    "@types/yauzl": {
      "version": "2.9.1",
      "resolved": "https://artifactory.prdstubsys.cloud/artifactory/api/npm/npm-dev/@types/yauzl/-/yauzl-2.9.1.tgz",
      "integrity": "sha1-0Q9p+fUi7vPPmOMK+2hKHh7JI68=",
      "dev": true,
      "optional": true,
      "requires": {
        "@types/node": "*"
      }
    },
    "agent-base": {
      "version": "5.1.1",
      "resolved": "https://artifactory.prdstubsys.cloud/artifactory/api/npm/npm-dev/agent-base/-/agent-base-5.1.1.tgz",
      "integrity": "sha1-6Ps/JClZ20TWO+Zl23qOc5U3oyw=",
      "dev": true
    },
    "balanced-match": {
      "version": "1.0.0",
      "resolved": "https://artifactory.prdstubsys.cloud/artifactory/api/npm/npm-dev/balanced-match/-/balanced-match-1.0.0.tgz",
      "integrity": "sha1-ibTRmasr7kneFk6gK4nORi1xt2c=",
      "dev": true
    },
    "base64-js": {
      "version": "1.5.1",
      "resolved": "https://artifactory.prdstubsys.cloud/artifactory/api/npm/npm-dev/base64-js/-/base64-js-1.5.1.tgz",
      "integrity": "sha1-GxtEAWClv3rUC2UPCVljSBkDkwo=",
      "dev": true
    },
    "bl": {
      "version": "4.0.3",
      "resolved": "https://artifactory.prdstubsys.cloud/artifactory/api/npm/npm-dev/bl/-/bl-4.0.3.tgz",
      "integrity": "sha1-EtYoetwpCA4ipwXldksqlSLNxIk=",
      "dev": true,
      "requires": {
        "buffer": "^5.5.0",
        "inherits": "^2.0.4",
        "readable-stream": "^3.4.0"
      }
    },
    "boolbase": {
      "version": "1.0.0",
      "resolved": "https://artifactory.prdstubsys.cloud/artifactory/api/npm/npm-dev/boolbase/-/boolbase-1.0.0.tgz",
      "integrity": "sha1-aN/1++YMUes3cl6p4+0xDcwed24=",
      "dev": true
    },
    "brace-expansion": {
      "version": "1.1.11",
      "resolved": "https://artifactory.prdstubsys.cloud/artifactory/api/npm/npm-dev/brace-expansion/-/brace-expansion-1.1.11.tgz",
      "integrity": "sha1-PH/L9SnYcibz0vUrlm/1Jx60Qd0=",
      "dev": true,
      "requires": {
        "balanced-match": "^1.0.0",
        "concat-map": "0.0.1"
      }
    },
    "buffer": {
      "version": "5.7.1",
      "resolved": "https://artifactory.prdstubsys.cloud/artifactory/api/npm/npm-dev/buffer/-/buffer-5.7.1.tgz",
      "integrity": "sha1-umLnwTEzBTWCGXFghRqPZI6Z7tA=",
      "dev": true,
      "requires": {
        "base64-js": "^1.3.1",
        "ieee754": "^1.1.13"
      }
    },
    "buffer-crc32": {
      "version": "0.2.13",
      "resolved": "https://artifactory.prdstubsys.cloud/artifactory/api/npm/npm-dev/buffer-crc32/-/buffer-crc32-0.2.13.tgz",
      "integrity": "sha1-DTM+PwDqxQqhRUq9MO+MKl2ackI=",
      "dev": true
    },
    "cacheable-lookup": {
      "version": "5.0.4",
      "resolved": "https://artifactory.prdstubsys.cloud/artifactory/api/npm/npm-dev/cacheable-lookup/-/cacheable-lookup-5.0.4.tgz",
      "integrity": "sha1-WmuGWyxENXvj1evCpGewMnGacAU=",
      "dev": true
    },
    "cacheable-request": {
      "version": "7.0.1",
      "resolved": "https://artifactory.prdstubsys.cloud/artifactory/api/npm/npm-dev/cacheable-request/-/cacheable-request-7.0.1.tgz",
      "integrity": "sha1-BiAxwoViMngu1pSiV/o12pOUKlg=",
      "dev": true,
      "requires": {
        "clone-response": "^1.0.2",
        "get-stream": "^5.1.0",
        "http-cache-semantics": "^4.0.0",
        "keyv": "^4.0.0",
        "lowercase-keys": "^2.0.0",
        "normalize-url": "^4.1.0",
        "responselike": "^2.0.0"
      }
    },
    "cheerio": {
      "version": "1.0.0-rc.5",
      "resolved": "https://artifactory.prdstubsys.cloud/artifactory/api/npm/npm-dev/cheerio/-/cheerio-1.0.0-rc.5.tgz",
      "integrity": "sha1-iJB+GChnTo+f7jdRiLJ9rdTw+i8=",
      "dev": true,
      "requires": {
        "cheerio-select-tmp": "^0.1.0",
        "dom-serializer": "~1.2.0",
        "domhandler": "^4.0.0",
        "entities": "~2.1.0",
        "htmlparser2": "^6.0.0",
        "parse5": "^6.0.0",
        "parse5-htmlparser2-tree-adapter": "^6.0.0"
      }
    },
    "cheerio-select-tmp": {
      "version": "0.1.1",
      "resolved": "https://artifactory.prdstubsys.cloud/artifactory/api/npm/npm-dev/cheerio-select-tmp/-/cheerio-select-tmp-0.1.1.tgz",
      "integrity": "sha1-VbvvAqR3FxAZWtc21eNGdjyk5kY=",
      "dev": true,
      "requires": {
        "css-select": "^3.1.2",
        "css-what": "^4.0.0",
        "domelementtype": "^2.1.0",
        "domhandler": "^4.0.0",
        "domutils": "^2.4.4"
      }
    },
    "chownr": {
      "version": "1.1.4",
      "resolved": "https://artifactory.prdstubsys.cloud/artifactory/api/npm/npm-dev/chownr/-/chownr-1.1.4.tgz",
      "integrity": "sha1-b8nXtC0ypYNZYzdmbn0ICE2izGs=",
      "dev": true
    },
    "clone-response": {
      "version": "1.0.2",
      "resolved": "https://artifactory.prdstubsys.cloud/artifactory/api/npm/npm-dev/clone-response/-/clone-response-1.0.2.tgz",
      "integrity": "sha1-0dyXOSAxTfZ/vrlCI7TuNQI56Ws=",
      "dev": true,
      "requires": {
        "mimic-response": "^1.0.0"
      }
    },
    "concat-map": {
      "version": "0.0.1",
      "resolved": "https://artifactory.prdstubsys.cloud/artifactory/api/npm/npm-dev/concat-map/-/concat-map-0.0.1.tgz",
      "integrity": "sha1-2Klr13/Wjfd5OnMDajug1UBdR3s=",
      "dev": true
    },
    "css-select": {
      "version": "3.1.2",
      "resolved": "https://artifactory.prdstubsys.cloud/artifactory/api/npm/npm-dev/css-select/-/css-select-3.1.2.tgz",
      "integrity": "sha1-1Sy9xv7jefupf7DTklq70Yry2dg=",
      "dev": true,
      "requires": {
        "boolbase": "^1.0.0",
        "css-what": "^4.0.0",
        "domhandler": "^4.0.0",
        "domutils": "^2.4.3",
        "nth-check": "^2.0.0"
      }
    },
    "css-what": {
      "version": "4.0.0",
      "resolved": "https://artifactory.prdstubsys.cloud/artifactory/api/npm/npm-dev/css-what/-/css-what-4.0.0.tgz",
      "integrity": "sha1-Nec3Ycqy7rPTZhEmsj16oOhDIjM=",
      "dev": true
    },
    "debug": {
      "version": "4.3.1",
      "resolved": "https://artifactory.prdstubsys.cloud/artifactory/api/npm/npm-dev/debug/-/debug-4.3.1.tgz",
      "integrity": "sha1-8NIpxQXgxtjEmsVT0bE9wYP2su4=",
      "dev": true,
      "requires": {
        "ms": "2.1.2"
      }
    },
    "decompress-response": {
      "version": "6.0.0",
      "resolved": "https://artifactory.prdstubsys.cloud/artifactory/api/npm/npm-dev/decompress-response/-/decompress-response-6.0.0.tgz",
      "integrity": "sha1-yjh2Et234QS9FthaqwDV7PCcZvw=",
      "dev": true,
      "requires": {
        "mimic-response": "^3.1.0"
      },
      "dependencies": {
        "mimic-response": {
          "version": "3.1.0",
          "resolved": "https://artifactory.prdstubsys.cloud/artifactory/api/npm/npm-dev/mimic-response/-/mimic-response-3.1.0.tgz",
          "integrity": "sha1-LR1Zr5wbEpgVrMwsRqAipc4fo8k=",
          "dev": true
        }
      }
    },
    "defer-to-connect": {
      "version": "2.0.0",
      "resolved": "https://artifactory.prdstubsys.cloud/artifactory/api/npm/npm-dev/defer-to-connect/-/defer-to-connect-2.0.0.tgz",
      "integrity": "sha1-g9axmdsEFZOshNeBtSIjCMz0wsE=",
      "dev": true
    },
    "devtools-protocol": {
      "version": "0.0.818844",
      "resolved": "https://artifactory.prdstubsys.cloud/artifactory/api/npm/npm-dev/devtools-protocol/-/devtools-protocol-0.0.818844.tgz",
      "integrity": "sha1-0ZRyeOyFtT5MjKWY9geij6eFup4=",
      "dev": true
    },
    "dom-serializer": {
      "version": "1.2.0",
      "resolved": "https://artifactory.prdstubsys.cloud/artifactory/api/npm/npm-dev/dom-serializer/-/dom-serializer-1.2.0.tgz",
      "integrity": "sha1-NDPZE2rrPGJ5gdqjhfx/MtJ8SPE=",
      "dev": true,
      "requires": {
        "domelementtype": "^2.0.1",
        "domhandler": "^4.0.0",
        "entities": "^2.0.0"
      }
    },
    "domelementtype": {
      "version": "2.1.0",
      "resolved": "https://artifactory.prdstubsys.cloud/artifactory/api/npm/npm-dev/domelementtype/-/domelementtype-2.1.0.tgz",
      "integrity": "sha1-qFHAgKbRw9lDRK7RUdmfZp7fWF4=",
      "dev": true
    },
    "domhandler": {
      "version": "4.0.0",
      "resolved": "https://artifactory.prdstubsys.cloud/artifactory/api/npm/npm-dev/domhandler/-/domhandler-4.0.0.tgz",
      "integrity": "sha1-Aep4Id6ZbYX2kCnoH6hzwhgzCY4=",
      "dev": true,
      "requires": {
        "domelementtype": "^2.1.0"
      }
    },
    "domutils": {
      "version": "2.4.4",
      "resolved": "https://artifactory.prdstubsys.cloud/artifactory/api/npm/npm-dev/domutils/-/domutils-2.4.4.tgz",
      "integrity": "sha1-KCc5xLFQ0CLTRpl5c2mq2NGbu9M=",
      "dev": true,
      "requires": {
        "dom-serializer": "^1.0.1",
        "domelementtype": "^2.0.1",
        "domhandler": "^4.0.0"
      }
    },
    "end-of-stream": {
      "version": "1.4.4",
      "resolved": "https://artifactory.prdstubsys.cloud/artifactory/api/npm/npm-dev/end-of-stream/-/end-of-stream-1.4.4.tgz",
      "integrity": "sha1-WuZKX0UFe682JuwU2gyl5LJDHrA=",
      "dev": true,
      "requires": {
        "once": "^1.4.0"
      }
    },
    "entities": {
      "version": "2.1.0",
      "resolved": "https://artifactory.prdstubsys.cloud/artifactory/api/npm/npm-dev/entities/-/entities-2.1.0.tgz",
      "integrity": "sha1-mS0xKc999ocLlsV4WMJJoSD4uLU=",
      "dev": true
    },
    "extract-zip": {
      "version": "2.0.1",
      "resolved": "https://artifactory.prdstubsys.cloud/artifactory/api/npm/npm-dev/extract-zip/-/extract-zip-2.0.1.tgz",
      "integrity": "sha1-Zj3KVv5G34kNXxMe9KBtIruLoTo=",
      "dev": true,
      "requires": {
        "@types/yauzl": "^2.9.1",
        "debug": "^4.1.1",
        "get-stream": "^5.1.0",
        "yauzl": "^2.10.0"
      }
    },
    "fd-slicer": {
      "version": "1.1.0",
      "resolved": "https://artifactory.prdstubsys.cloud/artifactory/api/npm/npm-dev/fd-slicer/-/fd-slicer-1.1.0.tgz",
      "integrity": "sha1-JcfInLH5B3+IkbvmHY85Dq4lbx4=",
      "dev": true,
      "requires": {
        "pend": "~1.2.0"
      }
    },
    "find-up": {
      "version": "4.1.0",
      "resolved": "https://artifactory.prdstubsys.cloud/artifactory/api/npm/npm-dev/find-up/-/find-up-4.1.0.tgz",
      "integrity": "sha1-l6/n1s3AvFkoWEt8jXsW6KmqXRk=",
      "dev": true,
      "requires": {
        "locate-path": "^5.0.0",
        "path-exists": "^4.0.0"
      }
    },
    "fs-constants": {
      "version": "1.0.0",
      "resolved": "https://artifactory.prdstubsys.cloud/artifactory/api/npm/npm-dev/fs-constants/-/fs-constants-1.0.0.tgz",
      "integrity": "sha1-a+Dem+mYzhavivwkSXue6bfM2a0=",
      "dev": true
    },
    "fs.realpath": {
      "version": "1.0.0",
      "resolved": "https://artifactory.prdstubsys.cloud/artifactory/api/npm/npm-dev/fs.realpath/-/fs.realpath-1.0.0.tgz",
      "integrity": "sha1-FQStJSMVjKpA20onh8sBQRmU6k8=",
      "dev": true
    },
    "get-stream": {
      "version": "5.2.0",
      "resolved": "https://artifactory.prdstubsys.cloud/artifactory/api/npm/npm-dev/get-stream/-/get-stream-5.2.0.tgz",
      "integrity": "sha1-SWaheV7lrOZecGxLe+txJX1uItM=",
      "dev": true,
      "requires": {
        "pump": "^3.0.0"
      }
    },
    "glob": {
      "version": "7.1.6",
      "resolved": "https://artifactory.prdstubsys.cloud/artifactory/api/npm/npm-dev/glob/-/glob-7.1.6.tgz",
      "integrity": "sha1-FB8zuBp8JJLhJVlDB0gMRmeSeKY=",
      "dev": true,
      "requires": {
        "fs.realpath": "^1.0.0",
        "inflight": "^1.0.4",
        "inherits": "2",
        "minimatch": "^3.0.4",
        "once": "^1.3.0",
        "path-is-absolute": "^1.0.0"
      }
    },
    "got": {
      "version": "11.8.1",
      "resolved": "https://artifactory.prdstubsys.cloud/artifactory/api/npm/npm-dev/got/-/got-11.8.1.tgz",
      "integrity": "sha1-3wSt+vLngrq7Paq8eROf7sL36F0=",
      "dev": true,
      "requires": {
        "@sindresorhus/is": "^4.0.0",
        "@szmarczak/http-timer": "^4.0.5",
        "@types/cacheable-request": "^6.0.1",
        "@types/responselike": "^1.0.0",
        "cacheable-lookup": "^5.0.3",
        "cacheable-request": "^7.0.1",
        "decompress-response": "^6.0.0",
        "http2-wrapper": "^1.0.0-beta.5.2",
        "lowercase-keys": "^2.0.0",
        "p-cancelable": "^2.0.0",
        "responselike": "^2.0.0"
      }
    },
    "htmlparser2": {
      "version": "6.0.0",
      "resolved": "https://artifactory.prdstubsys.cloud/artifactory/api/npm/npm-dev/htmlparser2/-/htmlparser2-6.0.0.tgz",
      "integrity": "sha1-wtoAUDA5CQjKTJHlYp5BjgZlrAE=",
      "dev": true,
      "requires": {
        "domelementtype": "^2.0.1",
        "domhandler": "^4.0.0",
        "domutils": "^2.4.4",
        "entities": "^2.0.0"
      }
    },
    "http-cache-semantics": {
      "version": "4.1.0",
      "resolved": "https://artifactory.prdstubsys.cloud/artifactory/api/npm/npm-dev/http-cache-semantics/-/http-cache-semantics-4.1.0.tgz",
      "integrity": "sha1-SekcXL82yblLz81xwj1SSex045A=",
      "dev": true
    },
    "http2-wrapper": {
      "version": "1.0.0-beta.5.2",
      "resolved": "https://artifactory.prdstubsys.cloud/artifactory/api/npm/npm-dev/http2-wrapper/-/http2-wrapper-1.0.0-beta.5.2.tgz",
      "integrity": "sha1-i5I965AUSuplz4NLAWo0D8mFVvM=",
      "dev": true,
      "requires": {
        "quick-lru": "^5.1.1",
        "resolve-alpn": "^1.0.0"
      }
    },
    "https-proxy-agent": {
      "version": "4.0.0",
      "resolved": "https://artifactory.prdstubsys.cloud/artifactory/api/npm/npm-dev/https-proxy-agent/-/https-proxy-agent-4.0.0.tgz",
      "integrity": "sha1-cCtx+1UgoTKmbeH2dUHZ5iFU2Cs=",
      "dev": true,
      "requires": {
        "agent-base": "5",
        "debug": "4"
      }
    },
    "ieee754": {
      "version": "1.2.1",
      "resolved": "https://artifactory.prdstubsys.cloud/artifactory/api/npm/npm-dev/ieee754/-/ieee754-1.2.1.tgz",
      "integrity": "sha1-jrehCmP/8l0VpXsAFYbRd9Gw01I=",
      "dev": true
    },
    "inflight": {
      "version": "1.0.6",
      "resolved": "https://artifactory.prdstubsys.cloud/artifactory/api/npm/npm-dev/inflight/-/inflight-1.0.6.tgz",
      "integrity": "sha1-Sb1jMdfQLQwJvJEKEHW6gWW1bfk=",
      "dev": true,
      "requires": {
        "once": "^1.3.0",
        "wrappy": "1"
      }
    },
    "inherits": {
      "version": "2.0.4",
      "resolved": "https://artifactory.prdstubsys.cloud/artifactory/api/npm/npm-dev/inherits/-/inherits-2.0.4.tgz",
      "integrity": "sha1-D6LGT5MpF8NDOg3tVTY6rjdBa3w=",
      "dev": true
    },
    "json-buffer": {
      "version": "3.0.1",
      "resolved": "https://artifactory.prdstubsys.cloud/artifactory/api/npm/npm-dev/json-buffer/-/json-buffer-3.0.1.tgz",
      "integrity": "sha1-kziAKjDTtmBfvgYT4JQAjKjAWhM=",
      "dev": true
    },
    "keyv": {
      "version": "4.0.3",
      "resolved": "https://artifactory.prdstubsys.cloud/artifactory/api/npm/npm-dev/keyv/-/keyv-4.0.3.tgz",
      "integrity": "sha1-TzqpjeJUgDyvzSiWc0EI2qNeQlQ=",
      "dev": true,
      "requires": {
        "json-buffer": "3.0.1"
      }
    },
    "locate-path": {
      "version": "5.0.0",
      "resolved": "https://artifactory.prdstubsys.cloud/artifactory/api/npm/npm-dev/locate-path/-/locate-path-5.0.0.tgz",
      "integrity": "sha1-Gvujlq/WdqbUJQTQpno6frn2KqA=",
      "dev": true,
      "requires": {
        "p-locate": "^4.1.0"
      }
    },
    "lowercase-keys": {
      "version": "2.0.0",
      "resolved": "https://artifactory.prdstubsys.cloud/artifactory/api/npm/npm-dev/lowercase-keys/-/lowercase-keys-2.0.0.tgz",
      "integrity": "sha1-JgPni3tLAAbLyi+8yKMgJVislHk=",
      "dev": true
    },
    "mimic-response": {
      "version": "1.0.1",
      "resolved": "https://artifactory.prdstubsys.cloud/artifactory/api/npm/npm-dev/mimic-response/-/mimic-response-1.0.1.tgz",
      "integrity": "sha1-SSNTiHju9CBjy4o+OweYeBSHqxs=",
      "dev": true
    },
    "minimatch": {
      "version": "3.0.4",
      "resolved": "https://artifactory.prdstubsys.cloud/artifactory/api/npm/npm-dev/minimatch/-/minimatch-3.0.4.tgz",
      "integrity": "sha1-UWbihkV/AzBgZL5Ul+jbsMPTIIM=",
      "dev": true,
      "requires": {
        "brace-expansion": "^1.1.7"
      }
    },
    "mkdirp-classic": {
      "version": "0.5.3",
      "resolved": "https://artifactory.prdstubsys.cloud/artifactory/api/npm/npm-dev/mkdirp-classic/-/mkdirp-classic-0.5.3.tgz",
      "integrity": "sha1-+hDJEVzG2IZb4iG6R+6b7XhgERM=",
      "dev": true
    },
    "ms": {
      "version": "2.1.2",
      "resolved": "https://artifactory.prdstubsys.cloud/artifactory/api/npm/npm-dev/ms/-/ms-2.1.2.tgz",
      "integrity": "sha1-0J0fNXtEP0kzgqjrPM0YOHKuYAk=",
      "dev": true
    },
    "node-fetch": {
      "version": "2.6.1",
      "resolved": "https://artifactory.prdstubsys.cloud/artifactory/api/npm/npm-dev/node-fetch/-/node-fetch-2.6.1.tgz",
      "integrity": "sha1-BFvTI2Mfdu0uK1VXM5RBa2OaAFI=",
      "dev": true
    },
    "normalize-url": {
      "version": "4.5.0",
      "resolved": "https://artifactory.prdstubsys.cloud/artifactory/api/npm/npm-dev/normalize-url/-/normalize-url-4.5.0.tgz",
      "integrity": "sha1-RTNUCH5sqWlXvY9br3U/WYIUISk=",
      "dev": true
    },
    "nth-check": {
      "version": "2.0.0",
      "resolved": "https://artifactory.prdstubsys.cloud/artifactory/api/npm/npm-dev/nth-check/-/nth-check-2.0.0.tgz",
      "integrity": "sha1-G7T22scAcvwxPoyc0UF7UHTAoSU=",
      "dev": true,
      "requires": {
        "boolbase": "^1.0.0"
      }
    },
    "once": {
      "version": "1.4.0",
      "resolved": "https://artifactory.prdstubsys.cloud/artifactory/api/npm/npm-dev/once/-/once-1.4.0.tgz",
      "integrity": "sha1-WDsap3WWHUsROsF9nFC6753Xa9E=",
      "dev": true,
      "requires": {
        "wrappy": "1"
      }
    },
    "p-cancelable": {
      "version": "2.0.0",
      "resolved": "https://artifactory.prdstubsys.cloud/artifactory/api/npm/npm-dev/p-cancelable/-/p-cancelable-2.0.0.tgz",
      "integrity": "sha1-SjdA9b2vXtXXw+NIgsb7XWsmam4=",
      "dev": true
    },
    "p-limit": {
      "version": "2.3.0",
      "resolved": "https://artifactory.prdstubsys.cloud/artifactory/api/npm/npm-dev/p-limit/-/p-limit-2.3.0.tgz",
      "integrity": "sha1-PdM8ZHohT9//2DWTPrCG2g3CHbE=",
      "dev": true,
      "requires": {
        "p-try": "^2.0.0"
      }
    },
    "p-locate": {
      "version": "4.1.0",
      "resolved": "https://artifactory.prdstubsys.cloud/artifactory/api/npm/npm-dev/p-locate/-/p-locate-4.1.0.tgz",
      "integrity": "sha1-o0KLtwiLOmApL2aRkni3wpetTwc=",
      "dev": true,
      "requires": {
        "p-limit": "^2.2.0"
      }
    },
    "p-try": {
      "version": "2.2.0",
      "resolved": "https://artifactory.prdstubsys.cloud/artifactory/api/npm/npm-dev/p-try/-/p-try-2.2.0.tgz",
      "integrity": "sha1-yyhoVA4xPWHeWPr741zpAE1VQOY=",
      "dev": true
    },
    "parse5": {
      "version": "6.0.1",
      "resolved": "https://artifactory.prdstubsys.cloud/artifactory/api/npm/npm-dev/parse5/-/parse5-6.0.1.tgz",
      "integrity": "sha1-4aHAhcVps9wIMhGE8Zo5zCf3wws=",
      "dev": true
    },
    "parse5-htmlparser2-tree-adapter": {
      "version": "6.0.1",
      "resolved": "https://artifactory.prdstubsys.cloud/artifactory/api/npm/npm-dev/parse5-htmlparser2-tree-adapter/-/parse5-htmlparser2-tree-adapter-6.0.1.tgz",
      "integrity": "sha1-LN+a2CMyEUA3DU2/XT6Sx8jdxuY=",
      "dev": true,
      "requires": {
        "parse5": "^6.0.1"
      }
    },
    "path-exists": {
      "version": "4.0.0",
      "resolved": "https://artifactory.prdstubsys.cloud/artifactory/api/npm/npm-dev/path-exists/-/path-exists-4.0.0.tgz",
      "integrity": "sha1-UTvb4tO5XXdi6METfvoZXGxhtbM=",
      "dev": true
    },
    "path-is-absolute": {
      "version": "1.0.1",
      "resolved": "https://artifactory.prdstubsys.cloud/artifactory/api/npm/npm-dev/path-is-absolute/-/path-is-absolute-1.0.1.tgz",
      "integrity": "sha1-F0uSaHNVNP+8es5r9TpanhtcX18=",
      "dev": true
    },
    "pend": {
      "version": "1.2.0",
      "resolved": "https://artifactory.prdstubsys.cloud/artifactory/api/npm/npm-dev/pend/-/pend-1.2.0.tgz",
      "integrity": "sha1-elfrVQpng/kRUzH89GY9XI4AelA=",
      "dev": true
    },
    "pkg-dir": {
      "version": "4.2.0",
      "resolved": "https://artifactory.prdstubsys.cloud/artifactory/api/npm/npm-dev/pkg-dir/-/pkg-dir-4.2.0.tgz",
      "integrity": "sha1-8JkTPfft5CLoHR2ESCcO6z5CYfM=",
      "dev": true,
      "requires": {
        "find-up": "^4.0.0"
      }
    },
    "progress": {
      "version": "2.0.3",
      "resolved": "https://artifactory.prdstubsys.cloud/artifactory/api/npm/npm-dev/progress/-/progress-2.0.3.tgz",
      "integrity": "sha1-foz42PW48jnBvGi+tOt4Vn1XLvg=",
      "dev": true
    },
    "proxy-from-env": {
      "version": "1.1.0",
      "resolved": "https://artifactory.prdstubsys.cloud/artifactory/api/npm/npm-dev/proxy-from-env/-/proxy-from-env-1.1.0.tgz",
      "integrity": "sha1-4QLxbKNVQkhldV0sno6k8k1Yw+I=",
      "dev": true
    },
    "pump": {
      "version": "3.0.0",
      "resolved": "https://artifactory.prdstubsys.cloud/artifactory/api/npm/npm-dev/pump/-/pump-3.0.0.tgz",
      "integrity": "sha1-tKIRaBW94vTh6mAjVOjHVWUQemQ=",
      "dev": true,
      "requires": {
        "end-of-stream": "^1.1.0",
        "once": "^1.3.1"
      }
    },
    "puppeteer": {
      "version": "5.5.0",
      "resolved": "https://artifactory.prdstubsys.cloud/artifactory/api/npm/npm-dev/puppeteer/-/puppeteer-5.5.0.tgz",
      "integrity": "sha1-Mxp+3SEsoGtKVWFWQ19Yy64IrwA=",
      "dev": true,
      "requires": {
        "debug": "^4.1.0",
        "devtools-protocol": "0.0.818844",
        "extract-zip": "^2.0.0",
        "https-proxy-agent": "^4.0.0",
        "node-fetch": "^2.6.1",
        "pkg-dir": "^4.2.0",
        "progress": "^2.0.1",
        "proxy-from-env": "^1.0.0",
        "rimraf": "^3.0.2",
        "tar-fs": "^2.0.0",
        "unbzip2-stream": "^1.3.3",
        "ws": "^7.2.3"
      }
    },
    "quick-lru": {
      "version": "5.1.1",
      "resolved": "https://artifactory.prdstubsys.cloud/artifactory/api/npm/npm-dev/quick-lru/-/quick-lru-5.1.1.tgz",
      "integrity": "sha1-NmST5rPkKjpoheLpnRj4D7eoyTI=",
      "dev": true
    },
    "readable-stream": {
      "version": "3.6.0",
      "resolved": "https://artifactory.prdstubsys.cloud/artifactory/api/npm/npm-dev/readable-stream/-/readable-stream-3.6.0.tgz",
      "integrity": "sha1-M3u9o63AcGvT4CRCaihtS0sskZg=",
      "dev": true,
      "requires": {
        "inherits": "^2.0.3",
        "string_decoder": "^1.1.1",
        "util-deprecate": "^1.0.1"
      }
    },
    "resolve-alpn": {
      "version": "1.0.0",
      "resolved": "https://artifactory.prdstubsys.cloud/artifactory/api/npm/npm-dev/resolve-alpn/-/resolve-alpn-1.0.0.tgz",
      "integrity": "sha1-dFrWCz1q/0tKSOAbjAvccJWeDow=",
      "dev": true
    },
    "responselike": {
      "version": "2.0.0",
      "resolved": "https://artifactory.prdstubsys.cloud/artifactory/api/npm/npm-dev/responselike/-/responselike-2.0.0.tgz",
      "integrity": "sha1-JjkbzDF091D5p56sxAoSpcQtdyM=",
      "dev": true,
      "requires": {
        "lowercase-keys": "^2.0.0"
      }
    },
    "rimraf": {
      "version": "3.0.2",
      "resolved": "https://artifactory.prdstubsys.cloud/artifactory/api/npm/npm-dev/rimraf/-/rimraf-3.0.2.tgz",
      "integrity": "sha1-8aVAK6YiCtUswSgrrBrjqkn9Bho=",
      "dev": true,
      "requires": {
        "glob": "^7.1.3"
      }
    },
    "safe-buffer": {
      "version": "5.2.1",
      "resolved": "https://artifactory.prdstubsys.cloud/artifactory/api/npm/npm-dev/safe-buffer/-/safe-buffer-5.2.1.tgz",
      "integrity": "sha1-Hq+fqb2x/dTsdfWPnNtOa3gn7sY=",
      "dev": true
    },
    "string_decoder": {
      "version": "1.3.0",
      "resolved": "https://artifactory.prdstubsys.cloud/artifactory/api/npm/npm-dev/string_decoder/-/string_decoder-1.3.0.tgz",
      "integrity": "sha1-QvEUWUpGzxqOMLCoT1bHjD7awh4=",
      "dev": true,
      "requires": {
        "safe-buffer": "~5.2.0"
      }
    },
    "tar-fs": {
      "version": "2.1.1",
      "resolved": "https://artifactory.prdstubsys.cloud/artifactory/api/npm/npm-dev/tar-fs/-/tar-fs-2.1.1.tgz",
      "integrity": "sha1-SJoVq4Xx8L76uzcLfeT561y+h4Q=",
      "dev": true,
      "requires": {
        "chownr": "^1.1.1",
        "mkdirp-classic": "^0.5.2",
        "pump": "^3.0.0",
        "tar-stream": "^2.1.4"
      }
    },
    "tar-stream": {
      "version": "2.2.0",
      "resolved": "https://artifactory.prdstubsys.cloud/artifactory/api/npm/npm-dev/tar-stream/-/tar-stream-2.2.0.tgz",
      "integrity": "sha1-rK2EwoQTawYNw/qmRHSqmuvXcoc=",
      "dev": true,
      "requires": {
        "bl": "^4.0.3",
        "end-of-stream": "^1.4.1",
        "fs-constants": "^1.0.0",
        "inherits": "^2.0.3",
        "readable-stream": "^3.1.1"
      }
    },
    "through": {
      "version": "2.3.8",
      "resolved": "https://artifactory.prdstubsys.cloud/artifactory/api/npm/npm-dev/through/-/through-2.3.8.tgz",
      "integrity": "sha1-DdTJ/6q8NXlgsbckEV1+Doai4fU=",
      "dev": true
    },
    "unbzip2-stream": {
      "version": "1.4.3",
      "resolved": "https://artifactory.prdstubsys.cloud/artifactory/api/npm/npm-dev/unbzip2-stream/-/unbzip2-stream-1.4.3.tgz",
      "integrity": "sha1-sNoExDcTEd93HNwhXofyEwmRrOc=",
      "dev": true,
      "requires": {
        "buffer": "^5.2.1",
        "through": "^2.3.8"
      }
    },
    "util-deprecate": {
      "version": "1.0.2",
      "resolved": "https://artifactory.prdstubsys.cloud/artifactory/api/npm/npm-dev/util-deprecate/-/util-deprecate-1.0.2.tgz",
      "integrity": "sha1-RQ1Nyfpw3nMnYvvS1KKJgUGaDM8=",
      "dev": true
    },
    "wrappy": {
      "version": "1.0.2",
      "resolved": "https://artifactory.prdstubsys.cloud/artifactory/api/npm/npm-dev/wrappy/-/wrappy-1.0.2.tgz",
      "integrity": "sha1-tSQ9jz7BqjXxNkYFvA0QNuMKtp8=",
      "dev": true
    },
    "ws": {
      "version": "7.4.2",
      "resolved": "https://artifactory.prdstubsys.cloud/artifactory/api/npm/npm-dev/ws/-/ws-7.4.2.tgz",
      "integrity": "sha1-eCEABI5U6zb+mEM2OrHGhnKyYd0=",
      "dev": true
    },
    "yauzl": {
      "version": "2.10.0",
      "resolved": "https://artifactory.prdstubsys.cloud/artifactory/api/npm/npm-dev/yauzl/-/yauzl-2.10.0.tgz",
      "integrity": "sha1-x+sXyT4RLLEIb6bY5R+wZnt5pfk=",
      "dev": true,
      "requires": {
        "buffer-crc32": "~0.2.3",
        "fd-slicer": "~1.1.0"
      }
    }
  }
}
